
Microsoft Visual Studio Solution File, Format Version 12.00
# Visual Studio Version 17
VisualStudioVersion = 17.6.33815.320
MinimumVisualStudioVersion = 10.0.40219.1
Project("{FAE04EC0-301F-11D3-BF4B-00C04F79EFBC}") = "Sample1", "Sample1.csproj", "{DEC069E8-DA84-4B7C-959C-D4EA9954A36A}"
EndProject
Global
	GlobalSection(SolutionConfigurationPlatforms) = preSolution
		Debug|Any CPU = Debug|Any CPU
		Release|Any CPU = Release|Any CPU
	EndGlobalSection
	GlobalSection(ProjectConfigurationPlatforms) = postSolution
		{DEC069E8-DA84-4B7C-959C-D4EA9954A36A}.Debug|Any CPU.ActiveCfg = Debug|Any CPU
		{DEC069E8-DA84-4B7C-959C-D4EA9954A36A}.Debug|Any CPU.Build.0 = Debug|Any CPU
		{DEC069E8-DA84-4B7C-959C-D4EA9954A36A}.Release|Any CPU.ActiveCfg = Release|Any CPU
		{DEC069E8-DA84-4B7C-959C-D4EA9954A36A}.Release|Any CPU.Build.0 = Release|Any CPU
	EndGlobalSection
	GlobalSection(SolutionProperties) = preSolution
		HideSolutionNode = FALSE
	EndGlobalSection
	GlobalSection(ExtensibilityGlobals) = postSolution
		SolutionGuid = {03ED7146-1FD1-469A-AE45-4DCBA42C9083}
	EndGlobalSection
EndGlobal
